// !$*UTF8*$!
{
	archiveVersion = 1;
	classes = {
	};
	objectVersion = 50;
	objects = {

/* Begin PBXBuildFile section */
		543BE46823D2A50D0014178D /* main.cpp in Sources */ = {isa = PBXBuildFile; fileRef = 543BE46723D2A50D0014178D /* main.cpp */; };
		543BE48E23D2AF240014178D /* libCitadelEngine.a in Frameworks */ = {isa = PBXBuildFile; fileRef = 543BE48C23D2AF180014178D /* libCitadelEngine.a */; };
/* End PBXBuildFile section */

/* Begin PBXContainerItemProxy section */
		543BE48B23D2AF180014178D /* PBXContainerItemProxy */ = {
			isa = PBXContainerItemProxy;
			containerPortal = 543BE48723D2AF170014178D /* CitadelEngine.xcodeproj */;
			proxyType = 2;
			remoteGlobalIDString = 543BE48023D2AF170014178D;
			remoteInfo = CitadelEngine;
		};
/* End PBXContainerItemProxy section */

/* Begin PBXCopyFilesBuildPhase section */
		543BE46223D2A50D0014178D /* CopyFiles */ = {
			isa = PBXCopyFilesBuildPhase;
			buildActionMask = 2147483647;
			dstPath = /usr/share/man/man1/;
			dstSubfolderSpec = 0;
			files = (
			);
			runOnlyForDeploymentPostprocessing = 1;
		};
/* End PBXCopyFilesBuildPhase section */

/* Begin PBXFileReference section */
		543BE46423D2A50D0014178D /* Floating Citadel Demo app */ = {isa = PBXFileReference; explicitFileType = "compiled.mach-o.executable"; includeInIndex = 0; path = "Floating Citadel Demo app"; sourceTree = BUILT_PRODUCTS_DIR; };
		543BE46723D2A50D0014178D /* main.cpp */ = {isa = PBXFileReference; lastKnownFileType = sourcecode.cpp.cpp; path = main.cpp; sourceTree = "<group>"; };
		543BE47223D2A6E80014178D /* citadel.h */ = {isa = PBXFileReference; lastKnownFileType = sourcecode.c.h; path = citadel.h; sourceTree = "<group>"; };
		543BE48723D2AF170014178D /* CitadelEngine.xcodeproj */ = {isa = PBXFileReference; lastKnownFileType = "wrapper.pb-project"; name = CitadelEngine.xcodeproj; path = ../project/CitadelEngine/CitadelEngine.xcodeproj; sourceTree = "<group>"; };
/* End PBXFileReference section */

/* Begin PBXFrameworksBuildPhase section */
		543BE46123D2A50D0014178D /* Frameworks */ = {
			isa = PBXFrameworksBuildPhase;
			buildActionMask = 2147483647;
			files = (
				543BE48E23D2AF240014178D /* libCitadelEngine.a in Frameworks */,
			);
			runOnlyForDeploymentPostprocessing = 0;
		};
/* End PBXFrameworksBuildPhase section */

/* Begin PBXGroup section */
		543BE45B23D2A50D0014178D = {
			isa = PBXGroup;
			children = (
				543BE48723D2AF170014178D /* CitadelEngine.xcodeproj */,
				543BE46623D2A50D0014178D /* Floating Citadel Demo app */,
				543BE46523D2A50D0014178D /* Products */,
				543BE48D23D2AF240014178D /* Frameworks */,
			);
			sourceTree = "<group>";
		};
		543BE46523D2A50D0014178D /* Products */ = {
			isa = PBXGroup;
			children = (
				543BE46423D2A50D0014178D /* Floating Citadel Demo app */,
			);
			name = Products;
			sourceTree = "<group>";
		};
		543BE46623D2A50D0014178D /* Floating Citadel Demo app */ = {
			isa = PBXGroup;
			children = (
				543BE47123D2A6E80014178D /* citadel */,
				543BE46723D2A50D0014178D /* main.cpp */,
			);
			path = "Floating Citadel Demo app";
			sourceTree = "<group>";
		};
		543BE47123D2A6E80014178D /* citadel */ = {
			isa = PBXGroup;
			children = (
				543BE47223D2A6E80014178D /* citadel.h */,
			);
			name = citadel;
			path = ../../source/citadel;
			sourceTree = "<group>";
		};
		543BE48823D2AF170014178D /* Products */ = {
			isa = PBXGroup;
			children = (
				543BE48C23D2AF180014178D /* libCitadelEngine.a */,
			);
			name = Products;
			sourceTree = "<group>";
		};
		543BE48D23D2AF240014178D /* Frameworks */ = {
			isa = PBXGroup;
			children = (
			);
			name = Frameworks;
			sourceTree = "<group>";
		};
/* End PBXGroup section */

/* Begin PBXNativeTarget section */
		543BE46323D2A50D0014178D /* Floating Citadel Demo app */ = {
			isa = PBXNativeTarget;
			buildConfigurationList = 543BE46B23D2A50D0014178D /* Build configuration list for PBXNativeTarget "Floating Citadel Demo app" */;
			buildPhases = (
				543BE46023D2A50D0014178D /* Sources */,
				543BE46123D2A50D0014178D /* Frameworks */,
				543BE46223D2A50D0014178D /* CopyFiles */,
			);
			buildRules = (
			);
			dependencies = (
			);
			name = "Floating Citadel Demo app";
			productName = "Floating Citadel Demo app";
			productReference = 543BE46423D2A50D0014178D /* Floating Citadel Demo app */;
			productType = "com.apple.product-type.tool";
		};
/* End PBXNativeTarget section */

/* Begin PBXProject section */
		543BE45C23D2A50D0014178D /* Project object */ = {
			isa = PBXProject;
			attributes = {
				LastUpgradeCheck = 1130;
				ORGANIZATIONNAME = "Floating Citadel Games";
				TargetAttributes = {
					543BE46323D2A50D0014178D = {
						CreatedOnToolsVersion = 11.3.1;
					};
				};
			};
			buildConfigurationList = 543BE45F23D2A50D0014178D /* Build configuration list for PBXProject "Floating Citadel Demo app" */;
			compatibilityVersion = "Xcode 9.3";
			developmentRegion = en;
			hasScannedForEncodings = 0;
			knownRegions = (
				en,
				Base,
			);
			mainGroup = 543BE45B23D2A50D0014178D;
			productRefGroup = 543BE46523D2A50D0014178D /* Products */;
			projectDirPath = "";
			projectReferences = (
				{
					ProductGroup = 543BE48823D2AF170014178D /* Products */;
					ProjectRef = 543BE48723D2AF170014178D /* CitadelEngine.xcodeproj */;
				},
			);
			projectRoot = "";
			targets = (
				543BE46323D2A50D0014178D /* Floating Citadel Demo app */,
			);
		};
/* End PBXProject section */

/* Begin PBXReferenceProxy section */
		543BE48C23D2AF180014178D /* libCitadelEngine.a */ = {
			isa = PBXReferenceProxy;
			fileType = archive.ar;
			path = libCitadelEngine.a;
			remoteRef = 543BE48B23D2AF180014178D /* PBXContainerItemProxy */;
			sourceTree = BUILT_PRODUCTS_DIR;
		};
/* End PBXReferenceProxy section */

/* Begin PBXSourcesBuildPhase section */
		543BE46023D2A50D0014178D /* Sources */ = {
			isa = PBXSourcesBuildPhase;
			buildActionMask = 2147483647;
			files = (
				543BE46823D2A50D0014178D /* main.cpp in Sources */,
			);
			runOnlyForDeploymentPostprocessing = 0;
		};
/* End PBXSourcesBuildPhase section */

/* Begin XCBuildConfiguration section */
		543BE46923D2A50D0014178D /* Debug */ = {
			isa = XCBuildConfiguration;
			buildSettings = {
				ALWAYS_SEARCH_USER_PATHS = NO;
				CLANG_ANALYZER_NONNULL = YES;
				CLANG_ANALYZER_NUMBER_OBJECT_CONVERSION = YES_AGGRESSIVE;
				CLANG_CXX_LANGUAGE_STANDARD = "gnu++14";
				CLANG_CXX_LIBRARY = "libc++";
				CLANG_ENABLE_MODULES = YES;
				CLANG_ENABLE_OBJC_ARC = YES;
				CLANG_ENABLE_OBJC_WEAK = YES;
				CLANG_WARN_BLOCK_CAPTURE_AUTORELEASING = YES;
				CLANG_WARN_BOOL_CONVERSION = YES;
				CLANG_WARN_COMMA = YES;
				CLANG_WARN_CONSTANT_CONVERSION = YES;
				CLANG_WARN_DEPRECATED_OBJC_IMPLEMENTATIONS = YES;
				CLANG_WARN_DIRECT_OBJC_ISA_USAGE = YES_ERROR;
				CLANG_WARN_DOCUMENTATION_COMMENTS = YES;
				CLANG_WARN_EMPTY_BODY = YES;
				CLANG_WARN_ENUM_CONVERSION = YES;
				CLANG_WARN_INFINITE_RECURSION = YES;
				CLANG_WARN_INT_CONVERSION = YES;
				CLANG_WARN_NON_LITERAL_NULL_CONVERSION = YES;
				CLANG_WARN_OBJC_IMPLICIT_RETAIN_SELF = YES;
				CLANG_WARN_OBJC_LITERAL_CONVERSION = YES;
				CLANG_WARN_OBJC_ROOT_CLASS = YES_ERROR;
				CLANG_WARN_RANGE_LOOP_ANALYSIS = YES;
				CLANG_WARN_STRICT_PROTOTYPES = YES;
				CLANG_WARN_SUSPICIOUS_MOVE = YES;
				CLANG_WARN_UNGUARDED_AVAILABILITY = YES_AGGRESSIVE;
				CLANG_WARN_UNREACHABLE_CODE = YES;
				CLANG_WARN__DUPLICATE_METHOD_MATCH = YES;
				COPY_PHASE_STRIP = NO;
				DEBUG_INFORMATION_FORMAT = dwarf;
				ENABLE_STRICT_OBJC_MSGSEND = YES;
				ENABLE_TESTABILITY = YES;
				GCC_C_LANGUAGE_STANDARD = gnu11;
				GCC_DYNAMIC_NO_PIC = NO;
				GCC_NO_COMMON_BLOCKS = YES;
				GCC_OPTIMIZATION_LEVEL = 0;
				GCC_PREPROCESSOR_DEFINITIONS = (
					"DEBUG=1",
					"$(inherited)",
				);
				GCC_WARN_64_TO_32_BIT_CONVERSION = YES;
				GCC_WARN_ABOUT_RETURN_TYPE = YES_ERROR;
				GCC_WARN_UNDECLARED_SELECTOR = YES;
				GCC_WARN_UNINITIALIZED_AUTOS = YES_AGGRESSIVE;
				GCC_WARN_UNUSED_FUNCTION = YES;
				GCC_WARN_UNUSED_VARIABLE = YES;
				HEADER_SEARCH_PATHS = ../../source/citadel;
				MACOSX_DEPLOYMENT_TARGET = 10.12;
				MTL_ENABLE_DEBUG_INFO = INCLUDE_SOURCE;
				MTL_FAST_MATH = YES;
				ONLY_ACTIVE_ARCH = YES;
				SDKROOT = macosx;
			};
			name = Debug;
		};
		543BE46A23D2A50D0014178D /* Release */ = {
			isa = XCBuildConfiguration;
			buildSettings = {
				ALWAYS_SEARCH_USER_PATHS = NO;
				CLANG_ANALYZER_NONNULL = YES;
				CLANG_ANALYZER_NUMBER_OBJECT_CONVERSION = YES_AGGRESSIVE;
				CLANG_CXX_LANGUAGE_STANDARD = "gnu++14";
				CLANG_CXX_LIBRARY = "libc++";
				CLANG_ENABLE_MODULES = YES;
				CLANG_ENABLE_OBJC_ARC = YES;
				CLANG_ENABLE_OBJC_WEAK = YES;
				CLANG_WARN_BLOCK_CAPTURE_AUTORELEASING = YES;
				CLANG_WARN_BOOL_CONVERSION = YES;
				CLANG_WARN_COMMA = YES;
				CLANG_WARN_CONSTANT_CONVERSION = YES;
				CLANG_WARN_DEPRECATED_OBJC_IMPLEMENTATIONS = YES;
				CLANG_WARN_DIRECT_OBJC_ISA_USAGE = YES_ERROR;
				CLANG_WARN_DOCUMENTATION_COMMENTS = YES;
				CLANG_WARN_EMPTY_BODY = YES;
				CLANG_WARN_ENUM_CONVERSION = YES;
				CLANG_WARN_INFINITE_RECURSION = YES;
				CLANG_WARN_INT_CONVERSION = YES;
				CLANG_WARN_NON_LITERAL_NULL_CONVERSION = YES;
				CLANG_WARN_OBJC_IMPLICIT_RETAIN_SELF = YES;
				CLANG_WARN_OBJC_LITERAL_CONVERSION = YES;
				CLANG_WARN_OBJC_ROOT_CLASS = YES_ERROR;
				CLANG_WARN_RANGE_LOOP_ANALYSIS = YES;
				CLANG_WARN_STRICT_PROTOTYPES = YES;
				CLANG_WARN_SUSPICIOUS_MOVE = YES;
				CLANG_WARN_UNGUARDED_AVAILABILITY = YES_AGGRESSIVE;
				CLANG_WARN_UNREACHABLE_CODE = YES;
				CLANG_WARN__DUPLICATE_METHOD_MATCH = YES;
				COPY_PHASE_STRIP = NO;
				DEBUG_INFORMATION_FORMAT = "dwarf-with-dsym";
				ENABLE_NS_ASSERTIONS = NO;
				ENABLE_STRICT_OBJC_MSGSEND = YES;
				GCC_C_LANGUAGE_STANDARD = gnu11;
				GCC_NO_COMMON_BLOCKS = YES;
				GCC_WARN_64_TO_32_BIT_CONVERSION = YES;
				GCC_WARN_ABOUT_RETURN_TYPE = YES_ERROR;
				GCC_WARN_UNDECLARED_SELECTOR = YES;
				GCC_WARN_UNINITIALIZED_AUTOS = YES_AGGRESSIVE;
				GCC_WARN_UNUSED_FUNCTION = YES;
				GCC_WARN_UNUSED_VARIABLE = YES;
				HEADER_SEARCH_PATHS = ../../source/citadel;
				MACOSX_DEPLOYMENT_TARGET = 10.12;
				MTL_ENABLE_DEBUG_INFO = NO;
				MTL_FAST_MATH = YES;
				SDKROOT = macosx;
			};
			name = Release;
		};
		543BE46C23D2A50D0014178D /* Debug */ = {
			isa = XCBuildConfiguration;
			buildSettings = {
				CODE_SIGN_IDENTITY = "-";
				CODE_SIGN_STYLE = Manual;
				DEVELOPMENT_TEAM = "";
				ENABLE_HARDENED_RUNTIME = YES;
				HEADER_SEARCH_PATHS = ../source;
				PRODUCT_NAME = "$(TARGET_NAME)";
				PROVISIONING_PROFILE_SPECIFIER = "";
			};
			name = Debug;
		};
		543BE46D23D2A50D0014178D /* Release */ = {
			isa = XCBuildConfiguration;
			buildSettings = {
				CODE_SIGN_IDENTITY = "-";
				CODE_SIGN_STYLE = Manual;
				DEVELOPMENT_TEAM = "";
				ENABLE_HARDENED_RUNTIME = YES;
				HEADER_SEARCH_PATHS = ../source;
				PRODUCT_NAME = "$(TARGET_NAME)";
				PROVISIONING_PROFILE_SPECIFIER = "";
			};
			name = Release;
		};
/* End XCBuildConfiguration section */

/* Begin XCConfigurationList section */
		543BE45F23D2A50D0014178D /* Build configuration list for PBXProject "Floating Citadel Demo app" */ = {
			isa = XCConfigurationList;
			buildConfigurations = (
				543BE46923D2A50D0014178D /* Debug */,
				543BE46A23D2A50D0014178D /* Release */,
			);
			defaultConfigurationIsVisible = 0;
			defaultConfigurationName = Release;
		};
		543BE46B23D2A50D0014178D /* Build configuration list for PBXNativeTarget "Floating Citadel Demo app" */ = {
			isa = XCConfigurationList;
			buildConfigurations = (
				543BE46C23D2A50D0014178D /* Debug */,
				543BE46D23D2A50D0014178D /* Release */,
			);
			defaultConfigurationIsVisible = 0;
			defaultConfigurationName = Release;
		};
/* End XCConfigurationList section */
	};
	rootObject = 543BE45C23D2A50D0014178D /* Project object */;
}
