// !$*UTF8*$!
{
	archiveVersion = 1;
	classes = {
	};
	objectVersion = 50;
	objects = {

/* Begin PBXBuildFile section */
		543BE49923D2B06E0014178D /* citadel.h in Headers */ = {isa = PBXBuildFile; fileRef = 543BE49323D2B06E0014178D /* citadel.h */; };
		543BE49A23D2B06E0014178D /* citadelGame.cpp in Sources */ = {isa = PBXBuildFile; fileRef = 543BE49523D2B06E0014178D /* citadelGame.cpp */; };
		543BE49B23D2B06E0014178D /* citadelGame.h in Headers */ = {isa = PBXBuildFile; fileRef = 543BE49623D2B06E0014178D /* citadelGame.h */; };
		543BE49C23D2B06E0014178D /* citadelDef.h in Headers */ = {isa = PBXBuildFile; fileRef = 543BE49823D2B06E0014178D /* citadelDef.h */; };
/* End PBXBuildFile section */

/* Begin PBXFileReference section */
		543BE48023D2AF170014178D /* libCitadelEngine.a */ = {isa = PBXFileReference; explicitFileType = archive.ar; includeInIndex = 0; path = libCitadelEngine.a; sourceTree = BUILT_PRODUCTS_DIR; };
		543BE49323D2B06E0014178D /* citadel.h */ = {isa = PBXFileReference; fileEncoding = 4; lastKnownFileType = sourcecode.c.h; path = citadel.h; sourceTree = "<group>"; };
		543BE49523D2B06E0014178D /* citadelGame.cpp */ = {isa = PBXFileReference; fileEncoding = 4; lastKnownFileType = sourcecode.cpp.cpp; path = citadelGame.cpp; sourceTree = "<group>"; };
		543BE49623D2B06E0014178D /* citadelGame.h */ = {isa = PBXFileReference; fileEncoding = 4; lastKnownFileType = sourcecode.c.h; path = citadelGame.h; sourceTree = "<group>"; };
		543BE49823D2B06E0014178D /* citadelDef.h */ = {isa = PBXFileReference; fileEncoding = 4; lastKnownFileType = sourcecode.c.h; path = citadelDef.h; sourceTree = "<group>"; };
/* End PBXFileReference section */

/* Begin PBXFrameworksBuildPhase section */
		543BE47E23D2AF170014178D /* Frameworks */ = {
			isa = PBXFrameworksBuildPhase;
			buildActionMask = 2147483647;
			files = (
			);
			runOnlyForDeploymentPostprocessing = 0;
		};
/* End PBXFrameworksBuildPhase section */

/* Begin PBXGroup section */
		543BE47723D2AF170014178D = {
			isa = PBXGroup;
			children = (
				543BE49223D2B06E0014178D /* citadel */,
				543BE48123D2AF170014178D /* Products */,
			);
			sourceTree = "<group>";
		};
		543BE48123D2AF170014178D /* Products */ = {
			isa = PBXGroup;
			children = (
				543BE48023D2AF170014178D /* libCitadelEngine.a */,
			);
			name = Products;
			sourceTree = "<group>";
		};
		543BE49223D2B06E0014178D /* citadel */ = {
			isa = PBXGroup;
			children = (
				543BE49323D2B06E0014178D /* citadel.h */,
				543BE49423D2B06E0014178D /* game */,
				543BE49723D2B06E0014178D /* system */,
			);
			name = citadel;
			path = ../../source/citadel;
			sourceTree = "<group>";
		};
		543BE49423D2B06E0014178D /* game */ = {
			isa = PBXGroup;
			children = (
				543BE49523D2B06E0014178D /* citadelGame.cpp */,
				543BE49623D2B06E0014178D /* citadelGame.h */,
			);
			path = game;
			sourceTree = "<group>";
		};
		543BE49723D2B06E0014178D /* system */ = {
			isa = PBXGroup;
			children = (
				543BE49823D2B06E0014178D /* citadelDef.h */,
			);
			path = system;
			sourceTree = "<group>";
		};
/* End PBXGroup section */

/* Begin PBXHeadersBuildPhase section */
		543BE47C23D2AF170014178D /* Headers */ = {
			isa = PBXHeadersBuildPhase;
			buildActionMask = 2147483647;
			files = (
				543BE49923D2B06E0014178D /* citadel.h in Headers */,
				543BE49C23D2B06E0014178D /* citadelDef.h in Headers */,
				543BE49B23D2B06E0014178D /* citadelGame.h in Headers */,
			);
			runOnlyForDeploymentPostprocessing = 0;
		};
/* End PBXHeadersBuildPhase section */

/* Begin PBXNativeTarget section */
		543BE47F23D2AF170014178D /* CitadelEngine */ = {
			isa = PBXNativeTarget;
			buildConfigurationList = 543BE48423D2AF170014178D /* Build configuration list for PBXNativeTarget "CitadelEngine" */;
			buildPhases = (
				543BE47C23D2AF170014178D /* Headers */,
				543BE47D23D2AF170014178D /* Sources */,
				543BE47E23D2AF170014178D /* Frameworks */,
			);
			buildRules = (
			);
			dependencies = (
			);
			name = CitadelEngine;
			productName = CitadelEngine;
			productReference = 543BE48023D2AF170014178D /* libCitadelEngine.a */;
			productType = "com.apple.product-type.library.static";
		};
/* End PBXNativeTarget section */

/* Begin PBXProject section */
		543BE47823D2AF170014178D /* Project object */ = {
			isa = PBXProject;
			attributes = {
				LastUpgradeCheck = 1130;
				ORGANIZATIONNAME = "Floating Citadel Games";
				TargetAttributes = {
					543BE47F23D2AF170014178D = {
						CreatedOnToolsVersion = 11.3.1;
					};
				};
			};
			buildConfigurationList = 543BE47B23D2AF170014178D /* Build configuration list for PBXProject "CitadelEngine" */;
			compatibilityVersion = "Xcode 9.3";
			developmentRegion = en;
			hasScannedForEncodings = 0;
			knownRegions = (
				en,
				Base,
			);
			mainGroup = 543BE47723D2AF170014178D;
			productRefGroup = 543BE48123D2AF170014178D /* Products */;
			projectDirPath = "";
			projectRoot = "";
			targets = (
				543BE47F23D2AF170014178D /* CitadelEngine */,
			);
		};
/* End PBXProject section */

/* Begin PBXSourcesBuildPhase section */
		543BE47D23D2AF170014178D /* Sources */ = {
			isa = PBXSourcesBuildPhase;
			buildActionMask = 2147483647;
			files = (
				543BE49A23D2B06E0014178D /* citadelGame.cpp in Sources */,
			);
			runOnlyForDeploymentPostprocessing = 0;
		};
/* End PBXSourcesBuildPhase section */

/* Begin XCBuildConfiguration section */
		543BE48223D2AF170014178D /* Debug */ = {
			isa = XCBuildConfiguration;
			buildSettings = {
				ALWAYS_SEARCH_USER_PATHS = NO;
				CLANG_ANALYZER_NONNULL = YES;
				CLANG_ANALYZER_NUMBER_OBJECT_CONVERSION = YES_AGGRESSIVE;
				CLANG_CXX_LANGUAGE_STANDARD = "gnu++14";
				CLANG_CXX_LIBRARY = "libc++";
				CLANG_ENABLE_MODULES = YES;
				CLANG_ENABLE_OBJC_ARC = YES;
				CLANG_ENABLE_OBJC_WEAK = YES;
				CLANG_WARN_BLOCK_CAPTURE_AUTORELEASING = YES;
				CLANG_WARN_BOOL_CONVERSION = YES;
				CLANG_WARN_COMMA = YES;
				CLANG_WARN_CONSTANT_CONVERSION = YES;
				CLANG_WARN_DEPRECATED_OBJC_IMPLEMENTATIONS = YES;
				CLANG_WARN_DIRECT_OBJC_ISA_USAGE = YES_ERROR;
				CLANG_WARN_DOCUMENTATION_COMMENTS = YES;
				CLANG_WARN_EMPTY_BODY = YES;
				CLANG_WARN_ENUM_CONVERSION = YES;
				CLANG_WARN_INFINITE_RECURSION = YES;
				CLANG_WARN_INT_CONVERSION = YES;
				CLANG_WARN_NON_LITERAL_NULL_CONVERSION = YES;
				CLANG_WARN_OBJC_IMPLICIT_RETAIN_SELF = YES;
				CLANG_WARN_OBJC_LITERAL_CONVERSION = YES;
				CLANG_WARN_OBJC_ROOT_CLASS = YES_ERROR;
				CLANG_WARN_RANGE_LOOP_ANALYSIS = YES;
				CLANG_WARN_STRICT_PROTOTYPES = YES;
				CLANG_WARN_SUSPICIOUS_MOVE = YES;
				CLANG_WARN_UNGUARDED_AVAILABILITY = YES_AGGRESSIVE;
				CLANG_WARN_UNREACHABLE_CODE = YES;
				CLANG_WARN__DUPLICATE_METHOD_MATCH = YES;
				COPY_PHASE_STRIP = NO;
				DEBUG_INFORMATION_FORMAT = dwarf;
				ENABLE_STRICT_OBJC_MSGSEND = YES;
				ENABLE_TESTABILITY = YES;
				GCC_C_LANGUAGE_STANDARD = gnu11;
				GCC_DYNAMIC_NO_PIC = NO;
				GCC_NO_COMMON_BLOCKS = YES;
				GCC_OPTIMIZATION_LEVEL = 0;
				GCC_PREPROCESSOR_DEFINITIONS = (
					"DEBUG=1",
					"$(inherited)",
				);
				GCC_WARN_64_TO_32_BIT_CONVERSION = YES;
				GCC_WARN_ABOUT_RETURN_TYPE = YES_ERROR;
				GCC_WARN_UNDECLARED_SELECTOR = YES;
				GCC_WARN_UNINITIALIZED_AUTOS = YES_AGGRESSIVE;
				GCC_WARN_UNUSED_FUNCTION = YES;
				GCC_WARN_UNUSED_VARIABLE = YES;
				MACOSX_DEPLOYMENT_TARGET = 10.14;
				MTL_ENABLE_DEBUG_INFO = INCLUDE_SOURCE;
				MTL_FAST_MATH = YES;
				ONLY_ACTIVE_ARCH = YES;
				SDKROOT = macosx;
			};
			name = Debug;
		};
		543BE48323D2AF170014178D /* Release */ = {
			isa = XCBuildConfiguration;
			buildSettings = {
				ALWAYS_SEARCH_USER_PATHS = NO;
				CLANG_ANALYZER_NONNULL = YES;
				CLANG_ANALYZER_NUMBER_OBJECT_CONVERSION = YES_AGGRESSIVE;
				CLANG_CXX_LANGUAGE_STANDARD = "gnu++14";
				CLANG_CXX_LIBRARY = "libc++";
				CLANG_ENABLE_MODULES = YES;
				CLANG_ENABLE_OBJC_ARC = YES;
				CLANG_ENABLE_OBJC_WEAK = YES;
				CLANG_WARN_BLOCK_CAPTURE_AUTORELEASING = YES;
				CLANG_WARN_BOOL_CONVERSION = YES;
				CLANG_WARN_COMMA = YES;
				CLANG_WARN_CONSTANT_CONVERSION = YES;
				CLANG_WARN_DEPRECATED_OBJC_IMPLEMENTATIONS = YES;
				CLANG_WARN_DIRECT_OBJC_ISA_USAGE = YES_ERROR;
				CLANG_WARN_DOCUMENTATION_COMMENTS = YES;
				CLANG_WARN_EMPTY_BODY = YES;
				CLANG_WARN_ENUM_CONVERSION = YES;
				CLANG_WARN_INFINITE_RECURSION = YES;
				CLANG_WARN_INT_CONVERSION = YES;
				CLANG_WARN_NON_LITERAL_NULL_CONVERSION = YES;
				CLANG_WARN_OBJC_IMPLICIT_RETAIN_SELF = YES;
				CLANG_WARN_OBJC_LITERAL_CONVERSION = YES;
				CLANG_WARN_OBJC_ROOT_CLASS = YES_ERROR;
				CLANG_WARN_RANGE_LOOP_ANALYSIS = YES;
				CLANG_WARN_STRICT_PROTOTYPES = YES;
				CLANG_WARN_SUSPICIOUS_MOVE = YES;
				CLANG_WARN_UNGUARDED_AVAILABILITY = YES_AGGRESSIVE;
				CLANG_WARN_UNREACHABLE_CODE = YES;
				CLANG_WARN__DUPLICATE_METHOD_MATCH = YES;
				COPY_PHASE_STRIP = NO;
				DEBUG_INFORMATION_FORMAT = "dwarf-with-dsym";
				ENABLE_NS_ASSERTIONS = NO;
				ENABLE_STRICT_OBJC_MSGSEND = YES;
				GCC_C_LANGUAGE_STANDARD = gnu11;
				GCC_NO_COMMON_BLOCKS = YES;
				GCC_WARN_64_TO_32_BIT_CONVERSION = YES;
				GCC_WARN_ABOUT_RETURN_TYPE = YES_ERROR;
				GCC_WARN_UNDECLARED_SELECTOR = YES;
				GCC_WARN_UNINITIALIZED_AUTOS = YES_AGGRESSIVE;
				GCC_WARN_UNUSED_FUNCTION = YES;
				GCC_WARN_UNUSED_VARIABLE = YES;
				MACOSX_DEPLOYMENT_TARGET = 10.14;
				MTL_ENABLE_DEBUG_INFO = NO;
				MTL_FAST_MATH = YES;
				SDKROOT = macosx;
			};
			name = Release;
		};
		543BE48523D2AF170014178D /* Debug */ = {
			isa = XCBuildConfiguration;
			buildSettings = {
				CODE_SIGN_STYLE = Automatic;
				EXECUTABLE_PREFIX = lib;
				HEADER_SEARCH_PATHS = ../../source;
				PRODUCT_NAME = "$(TARGET_NAME)";
				SKIP_INSTALL = YES;
			};
			name = Debug;
		};
		543BE48623D2AF170014178D /* Release */ = {
			isa = XCBuildConfiguration;
			buildSettings = {
				CODE_SIGN_STYLE = Automatic;
				EXECUTABLE_PREFIX = lib;
				HEADER_SEARCH_PATHS = ../../source;
				PRODUCT_NAME = "$(TARGET_NAME)";
				SKIP_INSTALL = YES;
			};
			name = Release;
		};
/* End XCBuildConfiguration section */

/* Begin XCConfigurationList section */
		543BE47B23D2AF170014178D /* Build configuration list for PBXProject "CitadelEngine" */ = {
			isa = XCConfigurationList;
			buildConfigurations = (
				543BE48223D2AF170014178D /* Debug */,
				543BE48323D2AF170014178D /* Release */,
			);
			defaultConfigurationIsVisible = 0;
			defaultConfigurationName = Release;
		};
		543BE48423D2AF170014178D /* Build configuration list for PBXNativeTarget "CitadelEngine" */ = {
			isa = XCConfigurationList;
			buildConfigurations = (
				543BE48523D2AF170014178D /* Debug */,
				543BE48623D2AF170014178D /* Release */,
			);
			defaultConfigurationIsVisible = 0;
			defaultConfigurationName = Release;
		};
/* End XCConfigurationList section */
	};
	rootObject = 543BE47823D2AF170014178D /* Project object */;
}
